
Microsoft Visual Studio Solution File, Format Version 12.00
# Visual Studio Version 17
VisualStudioVersion = 17.14.36310.24 d17.14
MinimumVisualStudioVersion = 10.0.40219.1
Project("{8BC9CEB8-8B4A-11D0-8D11-00A0C91BC942}") = "Assignment 7 1532", "Assignment 7 1532\Assignment 7 1532.vcxproj", "{2F647AF6-4D5D-4ECB-A5F2-C4C09055B17C}"
EndProject
Global
	GlobalSection(SolutionConfigurationPlatforms) = preSolution
		Debug|x64 = Debug|x64
		Debug|x86 = Debug|x86
		Release|x64 = Release|x64
		Release|x86 = Release|x86
	EndGlobalSection
	GlobalSection(ProjectConfigurationPlatforms) = postSolution
		{2F647AF6-4D5D-4ECB-A5F2-C4C09055B17C}.Debug|x64.ActiveCfg = Debug|x64
		{2F647AF6-4D5D-4ECB-A5F2-C4C09055B17C}.Debug|x64.Build.0 = Debug|x64
		{2F647AF6-4D5D-4ECB-A5F2-C4C09055B17C}.Debug|x86.ActiveCfg = Debug|Win32
		{2F647AF6-4D5D-4ECB-A5F2-C4C09055B17C}.Debug|x86.Build.0 = Debug|Win32
		{2F647AF6-4D5D-4ECB-A5F2-C4C09055B17C}.Release|x64.ActiveCfg = Release|x64
		{2F647AF6-4D5D-4ECB-A5F2-C4C09055B17C}.Release|x64.Build.0 = Release|x64
		{2F647AF6-4D5D-4ECB-A5F2-C4C09055B17C}.Release|x86.ActiveCfg = Release|Win32
		{2F647AF6-4D5D-4ECB-A5F2-C4C09055B17C}.Release|x86.Build.0 = Release|Win32
	EndGlobalSection
	GlobalSection(SolutionProperties) = preSolution
		HideSolutionNode = FALSE
	EndGlobalSection
	GlobalSection(ExtensibilityGlobals) = postSolution
		SolutionGuid = {1A86DA90-CC59-4B55-911A-9BCCD810F6B3}
	EndGlobalSection
EndGlobal
